// !$*UTF8*$!
{
	archiveVersion = 1;
	classes = {
	};
	objectVersion = 55;
	objects = {

/* Begin PBXBuildFile section */
		CBBC015E287DB60600C632AC /* main.cpp in Sources */ = {isa = PBXBuildFile; fileRef = CBBC015D287DB60600C632AC /* main.cpp */; };
		CBBC016E287DB6CD00C632AC /* triangle.cpp in Sources */ = {isa = PBXBuildFile; fileRef = CBBC0164287DB6CD00C632AC /* triangle.cpp */; };
		CBBC016F287DB6CD00C632AC /* vector2.cpp in Sources */ = {isa = PBXBuildFile; fileRef = CBBC0165287DB6CD00C632AC /* vector2.cpp */; };
		CBBC0170287DB6CD00C632AC /* delaunay.cpp in Sources */ = {isa = PBXBuildFile; fileRef = CBBC0168287DB6CD00C632AC /* delaunay.cpp */; };
		CBBC0171287DB6CD00C632AC /* edge.cpp in Sources */ = {isa = PBXBuildFile; fileRef = CBBC016C287DB6CD00C632AC /* edge.cpp */; };
/* End PBXBuildFile section */

/* Begin PBXCopyFilesBuildPhase section */
		CBBC0158287DB60600C632AC /* CopyFiles */ = {
			isa = PBXCopyFilesBuildPhase;
			buildActionMask = 2147483647;
			dstPath = /usr/share/man/man1/;
			dstSubfolderSpec = 0;
			files = (
			);
			runOnlyForDeploymentPostprocessing = 1;
		};
/* End PBXCopyFilesBuildPhase section */

/* Begin PBXFileReference section */
		CBBC015A287DB60600C632AC /* Delaunay-triangulation */ = {isa = PBXFileReference; explicitFileType = "compiled.mach-o.executable"; includeInIndex = 0; path = "Delaunay-triangulation"; sourceTree = BUILT_PRODUCTS_DIR; };
		CBBC015D287DB60600C632AC /* main.cpp */ = {isa = PBXFileReference; lastKnownFileType = sourcecode.cpp.cpp; path = main.cpp; sourceTree = "<group>"; };
		CBBC0164287DB6CD00C632AC /* triangle.cpp */ = {isa = PBXFileReference; fileEncoding = 4; lastKnownFileType = sourcecode.cpp.cpp; path = triangle.cpp; sourceTree = "<group>"; };
		CBBC0165287DB6CD00C632AC /* vector2.cpp */ = {isa = PBXFileReference; fileEncoding = 4; lastKnownFileType = sourcecode.cpp.cpp; path = vector2.cpp; sourceTree = "<group>"; };
		CBBC0166287DB6CD00C632AC /* numeric.h */ = {isa = PBXFileReference; fileEncoding = 4; lastKnownFileType = sourcecode.c.h; path = numeric.h; sourceTree = "<group>"; };
		CBBC0167287DB6CD00C632AC /* delaunay.h */ = {isa = PBXFileReference; fileEncoding = 4; lastKnownFileType = sourcecode.c.h; path = delaunay.h; sourceTree = "<group>"; };
		CBBC0168287DB6CD00C632AC /* delaunay.cpp */ = {isa = PBXFileReference; fileEncoding = 4; lastKnownFileType = sourcecode.cpp.cpp; path = delaunay.cpp; sourceTree = "<group>"; };
		CBBC0169287DB6CD00C632AC /* TInstance.txt */ = {isa = PBXFileReference; fileEncoding = 4; lastKnownFileType = text; path = TInstance.txt; sourceTree = "<group>"; };
		CBBC016A287DB6CD00C632AC /* triangle.h */ = {isa = PBXFileReference; fileEncoding = 4; lastKnownFileType = sourcecode.c.h; path = triangle.h; sourceTree = "<group>"; };
		CBBC016B287DB6CD00C632AC /* vector2.h */ = {isa = PBXFileReference; fileEncoding = 4; lastKnownFileType = sourcecode.c.h; path = vector2.h; sourceTree = "<group>"; };
		CBBC016C287DB6CD00C632AC /* edge.cpp */ = {isa = PBXFileReference; fileEncoding = 4; lastKnownFileType = sourcecode.cpp.cpp; path = edge.cpp; sourceTree = "<group>"; };
		CBBC016D287DB6CD00C632AC /* edge.h */ = {isa = PBXFileReference; fileEncoding = 4; lastKnownFileType = sourcecode.c.h; path = edge.h; sourceTree = "<group>"; };
/* End PBXFileReference section */

/* Begin PBXFrameworksBuildPhase section */
		CBBC0157287DB60600C632AC /* Frameworks */ = {
			isa = PBXFrameworksBuildPhase;
			buildActionMask = 2147483647;
			files = (
			);
			runOnlyForDeploymentPostprocessing = 0;
		};
/* End PBXFrameworksBuildPhase section */

/* Begin PBXGroup section */
		CBBC0151287DB60600C632AC = {
			isa = PBXGroup;
			children = (
				CBBC015C287DB60600C632AC /* Delaunay-triangulation */,
				CBBC015B287DB60600C632AC /* Products */,
			);
			sourceTree = "<group>";
		};
		CBBC015B287DB60600C632AC /* Products */ = {
			isa = PBXGroup;
			children = (
				CBBC015A287DB60600C632AC /* Delaunay-triangulation */,
			);
			name = Products;
			sourceTree = "<group>";
		};
		CBBC015C287DB60600C632AC /* Delaunay-triangulation */ = {
			isa = PBXGroup;
			children = (
				CBBC015D287DB60600C632AC /* main.cpp */,
				CBBC0168287DB6CD00C632AC /* delaunay.cpp */,
				CBBC0167287DB6CD00C632AC /* delaunay.h */,
				CBBC016C287DB6CD00C632AC /* edge.cpp */,
				CBBC016D287DB6CD00C632AC /* edge.h */,
				CBBC0166287DB6CD00C632AC /* numeric.h */,
				CBBC0169287DB6CD00C632AC /* TInstance.txt */,
				CBBC0164287DB6CD00C632AC /* triangle.cpp */,
				CBBC016A287DB6CD00C632AC /* triangle.h */,
				CBBC0165287DB6CD00C632AC /* vector2.cpp */,
				CBBC016B287DB6CD00C632AC /* vector2.h */,
			);
			path = "Delaunay-triangulation";
			sourceTree = "<group>";
		};
/* End PBXGroup section */

/* Begin PBXNativeTarget section */
		CBBC0159287DB60600C632AC /* Delaunay-triangulation */ = {
			isa = PBXNativeTarget;
			buildConfigurationList = CBBC0161287DB60600C632AC /* Build configuration list for PBXNativeTarget "Delaunay-triangulation" */;
			buildPhases = (
				CBBC0156287DB60600C632AC /* Sources */,
				CBBC0157287DB60600C632AC /* Frameworks */,
				CBBC0158287DB60600C632AC /* CopyFiles */,
			);
			buildRules = (
			);
			dependencies = (
			);
			name = "Delaunay-triangulation";
			productName = "Delaunay-triangulation";
			productReference = CBBC015A287DB60600C632AC /* Delaunay-triangulation */;
			productType = "com.apple.product-type.tool";
		};
/* End PBXNativeTarget section */

/* Begin PBXProject section */
		CBBC0152287DB60600C632AC /* Project object */ = {
			isa = PBXProject;
			attributes = {
				BuildIndependentTargetsInParallel = 1;
				LastUpgradeCheck = 1340;
				TargetAttributes = {
					CBBC0159287DB60600C632AC = {
						CreatedOnToolsVersion = 13.4.1;
					};
				};
			};
			buildConfigurationList = CBBC0155287DB60600C632AC /* Build configuration list for PBXProject "Delaunay-triangulation" */;
			compatibilityVersion = "Xcode 13.0";
			developmentRegion = en;
			hasScannedForEncodings = 0;
			knownRegions = (
				en,
				Base,
			);
			mainGroup = CBBC0151287DB60600C632AC;
			productRefGroup = CBBC015B287DB60600C632AC /* Products */;
			projectDirPath = "";
			projectRoot = "";
			targets = (
				CBBC0159287DB60600C632AC /* Delaunay-triangulation */,
			);
		};
/* End PBXProject section */

/* Begin PBXSourcesBuildPhase section */
		CBBC0156287DB60600C632AC /* Sources */ = {
			isa = PBXSourcesBuildPhase;
			buildActionMask = 2147483647;
			files = (
				CBBC0170287DB6CD00C632AC /* delaunay.cpp in Sources */,
				CBBC015E287DB60600C632AC /* main.cpp in Sources */,
				CBBC016F287DB6CD00C632AC /* vector2.cpp in Sources */,
				CBBC0171287DB6CD00C632AC /* edge.cpp in Sources */,
				CBBC016E287DB6CD00C632AC /* triangle.cpp in Sources */,
			);
			runOnlyForDeploymentPostprocessing = 0;
		};
/* End PBXSourcesBuildPhase section */

/* Begin XCBuildConfiguration section */
		CBBC015F287DB60600C632AC /* Debug */ = {
			isa = XCBuildConfiguration;
			buildSettings = {
				ALWAYS_SEARCH_USER_PATHS = NO;
				CLANG_ANALYZER_NONNULL = YES;
				CLANG_ANALYZER_NUMBER_OBJECT_CONVERSION = YES_AGGRESSIVE;
				CLANG_CXX_LANGUAGE_STANDARD = "gnu++17";
				CLANG_ENABLE_MODULES = YES;
				CLANG_ENABLE_OBJC_ARC = YES;
				CLANG_ENABLE_OBJC_WEAK = YES;
				CLANG_WARN_BLOCK_CAPTURE_AUTORELEASING = YES;
				CLANG_WARN_BOOL_CONVERSION = YES;
				CLANG_WARN_COMMA = YES;
				CLANG_WARN_CONSTANT_CONVERSION = YES;
				CLANG_WARN_DEPRECATED_OBJC_IMPLEMENTATIONS = YES;
				CLANG_WARN_DIRECT_OBJC_ISA_USAGE = YES_ERROR;
				CLANG_WARN_DOCUMENTATION_COMMENTS = YES;
				CLANG_WARN_EMPTY_BODY = YES;
				CLANG_WARN_ENUM_CONVERSION = YES;
				CLANG_WARN_INFINITE_RECURSION = YES;
				CLANG_WARN_INT_CONVERSION = YES;
				CLANG_WARN_NON_LITERAL_NULL_CONVERSION = YES;
				CLANG_WARN_OBJC_IMPLICIT_RETAIN_SELF = YES;
				CLANG_WARN_OBJC_LITERAL_CONVERSION = YES;
				CLANG_WARN_OBJC_ROOT_CLASS = YES_ERROR;
				CLANG_WARN_QUOTED_INCLUDE_IN_FRAMEWORK_HEADER = YES;
				CLANG_WARN_RANGE_LOOP_ANALYSIS = YES;
				CLANG_WARN_STRICT_PROTOTYPES = YES;
				CLANG_WARN_SUSPICIOUS_MOVE = YES;
				CLANG_WARN_UNGUARDED_AVAILABILITY = YES_AGGRESSIVE;
				CLANG_WARN_UNREACHABLE_CODE = YES;
				CLANG_WARN__DUPLICATE_METHOD_MATCH = YES;
				COPY_PHASE_STRIP = NO;
				DEBUG_INFORMATION_FORMAT = dwarf;
				ENABLE_STRICT_OBJC_MSGSEND = YES;
				ENABLE_TESTABILITY = YES;
				GCC_C_LANGUAGE_STANDARD = gnu11;
				GCC_DYNAMIC_NO_PIC = NO;
				GCC_NO_COMMON_BLOCKS = YES;
				GCC_OPTIMIZATION_LEVEL = 0;
				GCC_PREPROCESSOR_DEFINITIONS = (
					"DEBUG=1",
					"$(inherited)",
				);
				GCC_WARN_64_TO_32_BIT_CONVERSION = YES;
				GCC_WARN_ABOUT_RETURN_TYPE = YES_ERROR;
				GCC_WARN_UNDECLARED_SELECTOR = YES;
				GCC_WARN_UNINITIALIZED_AUTOS = YES_AGGRESSIVE;
				GCC_WARN_UNUSED_FUNCTION = YES;
				GCC_WARN_UNUSED_VARIABLE = YES;
				MACOSX_DEPLOYMENT_TARGET = 12.3;
				MTL_ENABLE_DEBUG_INFO = INCLUDE_SOURCE;
				MTL_FAST_MATH = YES;
				ONLY_ACTIVE_ARCH = YES;
				SDKROOT = macosx;
			};
			name = Debug;
		};
		CBBC0160287DB60600C632AC /* Release */ = {
			isa = XCBuildConfiguration;
			buildSettings = {
				ALWAYS_SEARCH_USER_PATHS = NO;
				CLANG_ANALYZER_NONNULL = YES;
				CLANG_ANALYZER_NUMBER_OBJECT_CONVERSION = YES_AGGRESSIVE;
				CLANG_CXX_LANGUAGE_STANDARD = "gnu++17";
				CLANG_ENABLE_MODULES = YES;
				CLANG_ENABLE_OBJC_ARC = YES;
				CLANG_ENABLE_OBJC_WEAK = YES;
				CLANG_WARN_BLOCK_CAPTURE_AUTORELEASING = YES;
				CLANG_WARN_BOOL_CONVERSION = YES;
				CLANG_WARN_COMMA = YES;
				CLANG_WARN_CONSTANT_CONVERSION = YES;
				CLANG_WARN_DEPRECATED_OBJC_IMPLEMENTATIONS = YES;
				CLANG_WARN_DIRECT_OBJC_ISA_USAGE = YES_ERROR;
				CLANG_WARN_DOCUMENTATION_COMMENTS = YES;
				CLANG_WARN_EMPTY_BODY = YES;
				CLANG_WARN_ENUM_CONVERSION = YES;
				CLANG_WARN_INFINITE_RECURSION = YES;
				CLANG_WARN_INT_CONVERSION = YES;
				CLANG_WARN_NON_LITERAL_NULL_CONVERSION = YES;
				CLANG_WARN_OBJC_IMPLICIT_RETAIN_SELF = YES;
				CLANG_WARN_OBJC_LITERAL_CONVERSION = YES;
				CLANG_WARN_OBJC_ROOT_CLASS = YES_ERROR;
				CLANG_WARN_QUOTED_INCLUDE_IN_FRAMEWORK_HEADER = YES;
				CLANG_WARN_RANGE_LOOP_ANALYSIS = YES;
				CLANG_WARN_STRICT_PROTOTYPES = YES;
				CLANG_WARN_SUSPICIOUS_MOVE = YES;
				CLANG_WARN_UNGUARDED_AVAILABILITY = YES_AGGRESSIVE;
				CLANG_WARN_UNREACHABLE_CODE = YES;
				CLANG_WARN__DUPLICATE_METHOD_MATCH = YES;
				COPY_PHASE_STRIP = NO;
				DEBUG_INFORMATION_FORMAT = "dwarf-with-dsym";
				ENABLE_NS_ASSERTIONS = NO;
				ENABLE_STRICT_OBJC_MSGSEND = YES;
				GCC_C_LANGUAGE_STANDARD = gnu11;
				GCC_NO_COMMON_BLOCKS = YES;
				GCC_WARN_64_TO_32_BIT_CONVERSION = YES;
				GCC_WARN_ABOUT_RETURN_TYPE = YES_ERROR;
				GCC_WARN_UNDECLARED_SELECTOR = YES;
				GCC_WARN_UNINITIALIZED_AUTOS = YES_AGGRESSIVE;
				GCC_WARN_UNUSED_FUNCTION = YES;
				GCC_WARN_UNUSED_VARIABLE = YES;
				MACOSX_DEPLOYMENT_TARGET = 12.3;
				MTL_ENABLE_DEBUG_INFO = NO;
				MTL_FAST_MATH = YES;
				SDKROOT = macosx;
			};
			name = Release;
		};
		CBBC0162287DB60600C632AC /* Debug */ = {
			isa = XCBuildConfiguration;
			buildSettings = {
				CODE_SIGN_STYLE = Automatic;
				DEVELOPMENT_TEAM = TFJNFYJ7R3;
				ENABLE_HARDENED_RUNTIME = YES;
				PRODUCT_NAME = "$(TARGET_NAME)";
			};
			name = Debug;
		};
		CBBC0163287DB60600C632AC /* Release */ = {
			isa = XCBuildConfiguration;
			buildSettings = {
				CODE_SIGN_STYLE = Automatic;
				DEVELOPMENT_TEAM = TFJNFYJ7R3;
				ENABLE_HARDENED_RUNTIME = YES;
				PRODUCT_NAME = "$(TARGET_NAME)";
			};
			name = Release;
		};
/* End XCBuildConfiguration section */

/* Begin XCConfigurationList section */
		CBBC0155287DB60600C632AC /* Build configuration list for PBXProject "Delaunay-triangulation" */ = {
			isa = XCConfigurationList;
			buildConfigurations = (
				CBBC015F287DB60600C632AC /* Debug */,
				CBBC0160287DB60600C632AC /* Release */,
			);
			defaultConfigurationIsVisible = 0;
			defaultConfigurationName = Release;
		};
		CBBC0161287DB60600C632AC /* Build configuration list for PBXNativeTarget "Delaunay-triangulation" */ = {
			isa = XCConfigurationList;
			buildConfigurations = (
				CBBC0162287DB60600C632AC /* Debug */,
				CBBC0163287DB60600C632AC /* Release */,
			);
			defaultConfigurationIsVisible = 0;
			defaultConfigurationName = Release;
		};
/* End XCConfigurationList section */
	};
	rootObject = CBBC0152287DB60600C632AC /* Project object */;
}
